
Microsoft Visual Studio Solution File, Format Version 12.00
# Visual Studio Version 16
VisualStudioVersion = 16.0.30804.86
MinimumVisualStudioVersion = 10.0.40219.1
Project("{FAE04EC0-301F-11D3-BF4B-00C04F79EFBC}") = "LibTWOC", "LibTWOC.csproj", "{071E78E0-96BF-4BC3-9EF9-E85117012B1A}"
EndProject
Global
	GlobalSection(SolutionConfigurationPlatforms) = preSolution
		Debug|Any CPU = Debug|Any CPU
		Release|Any CPU = Release|Any CPU
	EndGlobalSection
	GlobalSection(ProjectConfigurationPlatforms) = postSolution
		{071E78E0-96BF-4BC3-9EF9-E85117012B1A}.Debug|Any CPU.ActiveCfg = Debug|Any CPU
		{071E78E0-96BF-4BC3-9EF9-E85117012B1A}.Debug|Any CPU.Build.0 = Debug|Any CPU
		{071E78E0-96BF-4BC3-9EF9-E85117012B1A}.Release|Any CPU.ActiveCfg = Release|Any CPU
		{071E78E0-96BF-4BC3-9EF9-E85117012B1A}.Release|Any CPU.Build.0 = Release|Any CPU
	EndGlobalSection
	GlobalSection(SolutionProperties) = preSolution
		HideSolutionNode = FALSE
	EndGlobalSection
	GlobalSection(ExtensibilityGlobals) = postSolution
		SolutionGuid = {F86D9261-B650-44B9-B3C2-1978EA7E39DE}
	EndGlobalSection
EndGlobal
